# THIS IS AN AUTOGENERATED FILE. DO NOT EDIT THIS FILE DIRECTLY.
# yarn lockfile v1


"@types/node@^20.4.2":
  version "20.4.2"
  resolved "https://registry.yarnpkg.com/@types/node/-/node-20.4.2.tgz#129cc9ae69f93824f92fac653eebfb4812ab4af9"
  integrity sha512-Dd0BYtWgnWJKwO1jkmTrzofjK2QXXcai0dmtzvIBhcA+RsG5h8R3xlyta0kGOZRNfL9GuRtb1knmPEhQrePCEw==
